version = 1
revision = 3
requires-python = ">=3.10"

[[package]]
name = "backports-asyncio-runner"
version = "1.2.0"
source = { registry = "https://pypi.org/simple" }
sdist = { url = "https://files.pythonhosted.org/packages/8e/ff/70dca7d7cb1cbc0edb2c6cc0c38b65cba36cccc491eca64cabd5fe7f8670/backports_asyncio_runner-1.2.0.tar.gz", hash = "sha256:a5aa7b2b7d8f8bfcaa2b57313f70792df84e32a2a746f585213373f900b42162", size = 69893, upload-time = "2025-07-02T02:27:15.685Z" }
wheels = [
    { url = "https://files.pythonhosted.org/packages/a0/59/76ab57e3fe74484f48a53f8e337171b4a2349e506eabe136d7e01d059086/backports_asyncio_runner-1.2.0-py3-none-any.whl", hash = "sha256:0da0a936a8aeb554eccb426dc55af3ba63bcdc69fa1a600b5bb305413a4477b5", size = 12313, upload-time = "2025-07-02T02:27:14.263Z" },
]

[[package]]
name = "colorama"
version = "0.4.6"
source = { registry = "https://pypi.org/simple" }
sdist = { url = "https://files.pythonhosted.org/packages/d8/53/6f443c9a4a8358a93a6792e2acffb9d9d5cb0a5cfd8802644b7b1c9a02e4/colorama-0.4.6.tar.gz", hash = "sha256:08695f5cb7ed6e0531a20572697297273c47b8cae5a63ffc6d6ed5c201be6e44", size = 27697, upload-time = "2022-10-25T02:36:22.414Z" }
wheels = [
    { url = "https://files.pythonhosted.org/packages/d1/d6/3965ed04c63042e047cb6a3e6ed1a63a35087b6a609aa3a15ed8ac56c221/colorama-0.4.6-py2.py3-none-any.whl", hash = "sha256:4f1d9991f5acc0ca119f9d443620b77f9d6b33703e51011c16baf57afb285fc6", size = 25335, upload-time = "2022-10-25T02:36:20.889Z" },
]

[[package]]
name = "exceptiongroup"
version = "1.3.1"
source = { registry = "https://pypi.org/simple" }
dependencies = [
    { name = "typing-extensions", marker = "python_full_version < '3.13'" },
]
sdist = { url = "https://files.pythonhosted.org/packages/50/79/66800aadf48771f6b62f7eb014e352e5d06856655206165d775e675a02c9/exceptiongroup-1.3.1.tar.gz", hash = "sha256:8b412432c6055b0b7d14c310000ae93352ed6754f70fa8f7c34141f91c4e3219", size = 30371, upload-time = "2025-11-21T23:01:54.787Z" }
wheels = [
    { url = "https://files.pythonhosted.org/packages/8a/0e/97c33bf5009bdbac74fd2beace167cab3f978feb69cc36f1ef79360d6c4e/exceptiongroup-1.3.1-py3-none-any.whl", hash = "sha256:a7a39a3bd276781e98394987d3a5701d0c4edffb633bb7a5144577f82c773598", size = 16740, upload-time = "2025-11-21T23:01:53.443Z" },
]

[[package]]
name = "iniconfig"
version = "2.3.1"
source = { registry = "https://pypi.org/simple" }
sdist = { url = "https://files.pythonhosted.org/packages/01/e1/2069291243c926a2ff1cd706c7f3eeb9b62144bf60f77c9fb9ff2fb26bd3/iniconfig-2.3.1.tar.gz", hash = "sha256:67f4b9c50da0dedf52af349e7749a80a9057a5031199791b906c3bb3ae878960", size = 21209, upload-time = "2026-10-06T22:48:38.076Z" }
wheels = [
    { url = "https://files.pythonhosted.org/packages/56/43/4ca9e49d27a1fcf6bece6f6aec0ea46bb9112489b93d4b688fb415457bdb/iniconfig-2.3.1-py3-none-any.whl", hash = "sha256:9121e2c1fdb355232495be3194c8dfe87ccc2d5dee45947b78e68f499790d7a7", size = 7552, upload-time = "2026-10-06T22:48:36.959Z" },
]

[[package]]
name = "linkify-it-py"
version = "2.2.0"
source = { registry = "https://pypi.org/simple" }
sdist = { url = "https://files.pythonhosted.org/packages/45/98/7a1a5f31fd5c7ba93e963b168e244b8e3dd705b3d2a718e3c3307583bf57/linkify_it_py-2.2.0.tar.gz", hash = "sha256:907acd2d17ac1fbb9ddb62c8957ccbd6158cac602231a15c3b0cd1e215f03cee", size = 32939, upload-time = "2026-08-29T07:07:08.305Z" }
wheels = [
    { url = "https://files.pythonhosted.org/packages/13/d4/1152d1c7ab42d8b908be64fd200ddc870dc9d4925e951198702084aa1a7d/linkify_it_py-2.2.0-py3-none-any.whl", hash = "sha256:3adc40eb5af300b2605fcfdb968c24e1d780a90f1f2221af7c15e5111e94d443", size = 21971, upload-time = "2026-08-29T07:07:07.164Z" },
]

[[package]]
name = "markdown-it-py"
version = "4.2.0"
source = { registry = "https://pypi.org/simple" }
dependencies = [
    { name = "mdurl" },
]
sdist = { url = "https://files.pythonhosted.org/packages/06/ff/7841249c247aa650a76b9ee4bbaeae59370dc8bfd2f6c01f3630c35eb134/markdown_it_py-4.2.0.tar.gz", hash = "sha256:04a21681d6fbb623de53f6f364d352309d4094dd4194040a10fd51833e418d49", size = 82454, upload-time = "2026-05-07T12:08:28.36Z" }
wheels = [
    { url = "https://files.pythonhosted.org/packages/b3/81/4da04ced5a082363ecfa159c010d200ecbd959ae410c10c0264a38cac0f5/markdown_it_py-4.2.0-py3-none-any.whl", hash = "sha256:9f7ebbcd14fe59494226453aed97c1070d83f8d24b6fc3a3bcf9a38092641c4a", size = 91687, upload-time = "2026-05-07T12:08:27.182Z" },
]

[package.optional-dependencies]
linkify = [
    { name = "linkify-it-py" },
]

[[package]]
name = "mdit-py-plugins"
version = "0.6.1"
source = { registry = "https://pypi.org/simple" }
dependencies = [
    { name = "markdown-it-py" },
]
sdist = { url = "https://files.pythonhosted.org/packages/59/fc/f8d0863f8862f25602c0404d75568e89fb6b4109804645e5cdfb1be5cf56/mdit_py_plugins-0.6.1.tar.gz", hash = "sha256:a2bca0f039f39dbd35fb74ae1b5f998608c437463371f0ff7f49a19a17a114d0", size = 56114, upload-time = "2026-05-13T09:03:38.91Z" }
wheels = [
    { url = "https://files.pythonhosted.org/packages/a5/69/6da5581c6a7fede7dc261bf4e67d6adca4196f176b43288b55b3db395b6e/mdit_py_plugins-0.6.1-py3-none-any.whl", hash = "sha256:214c82fb2ac524472ab6a5bcab1de80f73b50443e187f401bfd77efbc7c6481d", size = 66663, upload-time = "2026-05-13T09:03:37.76Z" },
]

[[package]]
name = "mdurl"
version = "0.1.2"
source = { registry = "https://pypi.org/simple" }
sdist = { url = "https://files.pythonhosted.org/packages/d6/54/cfe61301667036ec958cb99bd3efefba235e65cdeb9c84d24a8293ba1d90/mdurl-0.1.2.tar.gz", hash = "sha256:bb413d29f5eea38f31dd4754dd7377d4465116fb207585f97bf925588687c1ba", size = 8729, upload-time = "2022-08-14T12:40:10.846Z" }
wheels = [
    { url = "https://files.pythonhosted.org/packages/b3/38/89ba8ad64ae25be8de66a6d463314cf1eb366222074cfda9ee839c56a4b4/mdurl-0.1.2-py3-none-any.whl", hash = "sha256:84008a41e51615a49fc9966191ff91509e3c40b939176e643fd50a5c2196b8f8", size = 9979, upload-time = "2022-08-14T12:40:09.779Z" },
]

[[package]]
name = "packaging"
version = "26.3"
source = { registry = "https://pypi.org/simple" }
sdist = { url = "https://files.pythonhosted.org/packages/7d/fa/3944b40b07da9ce895c0e6303a5ab7d53da063554f534556b134a54d6093/packaging-26.3.tar.gz", hash = "sha256:94edc256424af38762eb31306eed28beb9f0efc50a8837492c9d6fd6004aed79", size = 313412, upload-time = "2026-08-04T18:15:28.737Z" }
wheels = [
    { url = "https://files.pythonhosted.org/packages/63/34/ba1c580383c9eada3711951fef0795c80b829a078d72188184bcab9dd527/packaging-26.3-py3-none-any.whl", hash = "sha256:d7193f7c8e4e93f444fde0262bf90af30e16fa0ad0ad44cb553c87339b23cd1c", size = 129956, upload-time = "2026-08-04T18:15:27.159Z" },
]

[[package]]
name = "platformdirs"
version = "4.12.4"
source = { registry = "https://pypi.org/simple" }
sdist = { url = "https://files.pythonhosted.org/packages/90/a1/d5f9002a70298c64a789779077d8dd90c10aa1f47fe40c86802df874f2a6/platformdirs-4.12.4.tar.gz", hash = "sha256:63743c02414e755de4e31b8f68125c1407495b86c5a006e203c01ff8b9924250", size = 60010, upload-time = "2026-10-07T23:30:32.426Z" }
wheels = [
    { url = "https://files.pythonhosted.org/packages/f4/ba/223e00b885e960edd5d4b4d178c88acce019bd5b83786093681b8c393492/platformdirs-4.12.4-py3-none-any.whl", hash = "sha256:78bfb9db2a8471ed7eebe3c3c932da413911042994e699b384fbb4493fa872d7", size = 32596, upload-time = "2026-10-07T23:30:30.825Z" },
]

[[package]]
name = "pluggy"
version = "1.6.0"
source = { registry = "https://pypi.org/simple" }
sdist = { url = "https://files.pythonhosted.org/packages/f9/e2/3e91f31a7d2b083fe6ef3fa267035b518369d9511ffab804f839851d2779/pluggy-1.6.0.tar.gz", hash = "sha256:7dcc130b76258d33b90f61b658791dede3486c3e6bfb003ee5c9bfb396dd22f3", size = 69412, upload-time = "2025-05-15T12:30:07.975Z" }
wheels = [
    { url = "https://files.pythonhosted.org/packages/54/20/4d324d65cc6d9205fabedc306948156824eb9f0ee1633355a8f7ec5c66bf/pluggy-1.6.0-py3-none-any.whl", hash = "sha256:e920276dd6813095e9377c0bc5566d94c932c33b27a3e3945d8389c374dd4746", size = 20538, upload-time = "2025-05-15T12:30:06.134Z" },
]

[[package]]
name = "pygments"
version = "2.21.0"
source = { registry = "https://pypi.org/simple" }
sdist = { url = "https://files.pythonhosted.org/packages/49/2e/ced460408999b33da6b31b0021b0f37d329e202d4169aeb164493778f25b/pygments-2.21.0.tar.gz", hash = "sha256:610ca751c9bc2492b38eb9a38a7fbc93edbbb2d7182edaf34e66ae493dee5c8c", size = 5005329, upload-time = "2026-08-17T08:02:48.824Z" }
wheels = [
    { url = "https://files.pythonhosted.org/packages/71/46/17f022dd3e953bf20a04a028a21ec746d942f8d2af30fa0f124fa0e6a684/pygments-2.21.0-py3-none-any.whl", hash = "sha256:2363c69b61c4a97c838da3b130dcd6468f4848992b21a82f2a63ec34377137d9", size = 1250147, upload-time = "2026-08-17T08:02:44.912Z" },
]

[[package]]
name = "pytauargus"
version = "0.3.0"
source = { registry = "https://pypi.org/simple" }
wheels = [
    { url = "https://files.pythonhosted.org/packages/40/3a/b039f3287051383f6422998d46c30e500f6d37011c97a0aafa01fbd0fbe0/pytauargus-0.3.0-cp310-cp310-macosx_14_0_arm64.whl", hash = "sha256:10f9b3ca8bc2d0e83f780a030519969db7a1dd7a12dbd5a7d499dca9bc0bdda8", size = 2662771, upload-time = "2026-10-10T21:32:41.128Z" },
    { url = "https://files.pythonhosted.org/packages/04/3a/f76e3df254078b49de100399c0bd8e1433ad76ce1108473438aab03a782e/pytauargus-0.3.0-cp310-cp310-manylinux_2_24_aarch64.manylinux_2_28_aarch64.whl", hash = "sha256:ba65fe6a4a072ffbea439b49b3121f94f6c303664c8eba910babc900c29a8d88", size = 2986108, upload-time = "2026-10-10T21:32:42.943Z" },
    { url = "https://files.pythonhosted.org/packages/32/17/40e502d717f56a4e66bca47cb07d14d9d7e2cdb4c15028d8ea0fad776306/pytauargus-0.3.0-cp310-cp310-manylinux_2_24_x86_64.manylinux_2_28_x86_64.whl", hash = "sha256:f9f6ae5cd5b267acbaa0ccbb302e919ed70a0c9948cc8ee5e909e478c13f717d", size = 3222593, upload-time = "2026-10-10T21:32:44.742Z" },
    { url = "https://files.pythonhosted.org/packages/06/48/a640980db85b810d164497f526c3856eb925d4b142818edbb324ee829625/pytauargus-0.3.0-cp310-cp310-win_amd64.whl", hash = "sha256:5f203a158ec3e4d473848ced8e44fb9263beea248208e0a7647910c119126ec3", size = 8398065, upload-time = "2026-10-10T21:32:46.673Z" },
    { url = "https://files.pythonhosted.org/packages/b7/1c/0e90e4fbc2d21d8d4cb34248905aa118836501fc01bb627b8242e9da89b1/pytauargus-0.3.0-cp311-cp311-macosx_14_0_arm64.whl", hash = "sha256:415aafcc20f572b57944f5b30e936a929dfdf4c0c031df668c98ddddb7b83846", size = 2664150, upload-time = "2026-10-10T21:32:49.391Z" },
    { url = "https://files.pythonhosted.org/packages/8c/d3/9e699618f3b2a3a7155e0e782e38356ced07e9e65d7e2b9322b23fbbf9c2/pytauargus-0.3.0-cp311-cp311-manylinux_2_24_aarch64.manylinux_2_28_aarch64.whl", hash = "sha256:3517ffeff2f04ae9fc3936083e9ce0f0a5bae58a7aac8515a71764b05a82cb69", size = 2987186, upload-time = "2026-10-10T21:32:51.208Z" },
    { url = "https://files.pythonhosted.org/packages/c2/ce/6647f6e2564d996f614214d7d46969b3b53088493d0cdc7b70f65adc0f70/pytauargus-0.3.0-cp311-cp311-manylinux_2_24_x86_64.manylinux_2_28_x86_64.whl", hash = "sha256:1052993ed65895e1d9a39a9904e8dd5de8084a74f0a32280509061aae121cdfb", size = 3223484, upload-time = "2026-10-10T21:32:53.395Z" },
    { url = "https://files.pythonhosted.org/packages/7e/df/7357375a3d524f92b20141803f56e00fb14017fb56dc4b0355290d1b9a74/pytauargus-0.3.0-cp311-cp311-win_amd64.whl", hash = "sha256:71913bd2314367b85f5e76b64361d15631983a30249d67e9e31bb76945c30d3c", size = 8398523, upload-time = "2026-10-10T21:32:54.892Z" },
    { url = "https://files.pythonhosted.org/packages/d0/21/f745b294417d2a025467111e7a5c22cb5c4d3546fa346933e05d0dda8e1c/pytauargus-0.3.0-cp312-cp312-macosx_14_0_arm64.whl", hash = "sha256:f57b18de0bf98697c25c0305c7a8408fe1ff2df5586c1cdc778583bc42586e02", size = 2665875, upload-time = "2026-10-10T21:32:57.038Z" },
    { url = "https://files.pythonhosted.org/packages/d8/af/ee9ccb18f2700dcae33f9cddc5c9254f35c087f7b5a120055b651f6cef43/pytauargus-0.3.0-cp312-cp312-manylinux_2_24_aarch64.manylinux_2_28_aarch64.whl", hash = "sha256:9afc43d4c41c15b89742054da32d1dd4f9f61766984e18b61f424cf91a732af9", size = 2989233, upload-time = "2026-10-10T21:32:58.897Z" },
    { url = "https://files.pythonhosted.org/packages/e5/43/8790cca9716a053ba29211ed3a5b9ce15b2c6e7b6cc0d56369563ffec1e8/pytauargus-0.3.0-cp312-cp312-manylinux_2_24_x86_64.manylinux_2_28_x86_64.whl", hash = "sha256:ffbc1bc490f956313ee91041798c0c07d25b4e9a2367cca321daa43aee24eec7", size = 3226911, upload-time = "2026-10-10T21:33:00.496Z" },
    { url = "https://files.pythonhosted.org/packages/20/4a/7125766fefd754d6470d48fa31735b6b0f72ec9c71f256fe45bb3e4433bd/pytauargus-0.3.0-cp312-cp312-win_amd64.whl", hash = "sha256:41ae9a8875ae7960d8b51d60262d6c4bedd681bf0968d2bf1728f0023e73020a", size = 8399418, upload-time = "2026-10-10T21:33:02.117Z" },
    { url = "https://files.pythonhosted.org/packages/2a/2b/e6bafa91d76502731babd3172969181d5684ef5fb3f1895c4308ad79c7d2/pytauargus-0.3.0-cp313-cp313-macosx_14_0_arm64.whl", hash = "sha256:a0cc3c95dadb51c3abc5081fad6803192023f6ee365bb4aae94387f4a4a3c99f", size = 2665940, upload-time = "2026-10-10T21:33:04.014Z" },
    { url = "https://files.pythonhosted.org/packages/da/39/09b2de15cbc6ec0dc8044b9d3824f394cf32f7374c57ca59b4634d919ef4/pytauargus-0.3.0-cp313-cp313-manylinux_2_24_aarch64.manylinux_2_28_aarch64.whl", hash = "sha256:e0fad67d9fc13cb7571e6c51da523542d1650a5d8c2635d3dcec0514c55358f3", size = 2989240, upload-time = "2026-10-10T21:33:05.489Z" },
    { url = "https://files.pythonhosted.org/packages/b2/35/6a361184bb412c3d18bbbf8ba5fb7dd02ead0ea6806899a5a33f8a2a7970/pytauargus-0.3.0-cp313-cp313-manylinux_2_24_x86_64.manylinux_2_28_x86_64.whl", hash = "sha256:cd95651f9a0f3ffabab3707b900a37bcf44a7f605d32c645c4b9cfca82a4ffbf", size = 3227002, upload-time = "2026-10-10T21:33:07.118Z" },
    { url = "https://files.pythonhosted.org/packages/09/4a/383e774f663ae8894f4cab95a71ae628f688d02f21ffa35662ca71455a3f/pytauargus-0.3.0-cp313-cp313-win_amd64.whl", hash = "sha256:48966ac46924168c4ab8c6d22f6b5f596d40e7ed81342e98e44a34c93c6962fe", size = 8399374, upload-time = "2026-10-10T21:33:08.66Z" },
]

[[package]]
name = "pytauargus-tui"
version = "0.1.0"
source = { editable = "." }
dependencies = [
    { name = "pytauargus" },
    { name = "textual" },
]

[package.optional-dependencies]
test = [
    { name = "pytest" },
    { name = "pytest-asyncio" },
]

[package.metadata]
requires-dist = [
    { name = "pytauargus", specifier = ">=0.3.0" },
    { name = "pytest", marker = "extra == 'test'" },
    { name = "pytest-asyncio", marker = "extra == 'test'" },
    { name = "textual", specifier = ">=0.50" },
]
provides-extras = ["test"]

[[package]]
name = "pytest"
version = "9.1.1"
source = { registry = "https://pypi.org/simple" }
dependencies = [
    { name = "colorama", marker = "sys_platform == 'win32'" },
    { name = "exceptiongroup", marker = "python_full_version < '3.11'" },
    { name = "iniconfig" },
    { name = "packaging" },
    { name = "pluggy" },
    { name = "pygments" },
    { name = "tomli", marker = "python_full_version < '3.11'" },
]
sdist = { url = "https://files.pythonhosted.org/packages/e4/47/b9efed96c114afcfa3c9d3fe98a76a1d14c74a9e266d397cf6eb64be5e01/pytest-9.1.1.tar.gz", hash = "sha256:1088fbde8f2b49d95a549a195707afa7a76a3ce9bcadc26b6d71f0ffda5fe313", size = 1636369, upload-time = "2026-06-19T10:58:32.857Z" }
wheels = [
    { url = "https://files.pythonhosted.org/packages/24/25/1de2678b631f5a49215c6c96fff41ba892b0a34df68d6d80292b1b48aa7f/pytest-9.1.1-py3-none-any.whl", hash = "sha256:37a86b45efb9a47a61a36449063e8e18d0cab3161329fc099eb21783169c4f0c", size = 386536, upload-time = "2026-06-19T10:58:31.347Z" },
]

[[package]]
name = "pytest-asyncio"
version = "1.4.0"
source = { registry = "https://pypi.org/simple" }
dependencies = [
    { name = "backports-asyncio-runner", marker = "python_full_version < '3.11'" },
    { name = "pytest" },
    { name = "typing-extensions", marker = "python_full_version < '3.13'" },
]
sdist = { url = "https://files.pythonhosted.org/packages/43/7c/d36d04db312ecf4298932ef77e6e4a9e8ad017906e24e34f0b0c361a2473/pytest_asyncio-1.4.0.tar.gz", hash = "sha256:c6c0d2259945122819f171a32ecea2c349ead889ee28176caaf492143424be42", size = 58514, upload-time = "2026-05-26T09:56:04.083Z" }
wheels = [
    { url = "https://files.pythonhosted.org/packages/03/e2/08a497ef684b88559c9cc5f4ad53a37e7b99e727094a86d6ea32536d5d3c/pytest_asyncio-1.4.0-py3-none-any.whl", hash = "sha256:933ca923a23075a87fb7070c0ec272a6848489824d887c85c812670932835aa1", size = 16930, upload-time = "2026-05-26T09:56:02.576Z" },
]

[[package]]
name = "rich"
version = "15.0.0"
source = { registry = "https://pypi.org/simple" }
dependencies = [
    { name = "markdown-it-py" },
    { name = "pygments" },
]
sdist = { url = "https://files.pythonhosted.org/packages/c0/8f/0722ca900cc807c13a6a0c696dacf35430f72e0ec571c4275d2371fca3e9/rich-15.0.0.tar.gz", hash = "sha256:edd07a4824c6b40189fb7ac9bc4c52536e9780fbbfbddf6f1e2502c31b068c36", size = 230680, upload-time = "2026-04-12T08:24:00.75Z" }
wheels = [
    { url = "https://files.pythonhosted.org/packages/82/3b/64d4899d73f91ba49a8c18a8ff3f0ea8f1c1d75481760df8c68ef5235bf5/rich-15.0.0-py3-none-any.whl", hash = "sha256:33bd4ef74232fb73fe9279a257718407f169c09b78a87ad3d296f548e27de0bb", size = 310654, upload-time = "2026-04-12T08:24:02.83Z" },
]

[[package]]
name = "textual"
version = "8.2.8"
source = { registry = "https://pypi.org/simple" }
dependencies = [
    { name = "markdown-it-py", extra = ["linkify"] },
    { name = "mdit-py-plugins" },
    { name = "platformdirs" },
    { name = "pygments" },
    { name = "rich" },
    { name = "typing-extensions" },
]
sdist = { url = "https://files.pythonhosted.org/packages/00/21/39a76b01bd5eea82a04baaca7580e105d8c59450df03998345bb2cfb307b/textual-8.2.8.tar.gz", hash = "sha256:3f106a9fbc73e39dd266c9712432087de78a6d644084c7c241d6a25c3169115b", size = 1860502, upload-time = "2026-06-30T06:51:24.495Z" }
wheels = [
    { url = "https://files.pythonhosted.org/packages/fb/be/35261223d9416a0751cdff1c7b4a6f881387218a12d439fe22fefebc8c04/textual-8.2.8-py3-none-any.whl", hash = "sha256:267375fd402dc8d981457212efa71f0e3365fd17bba144ba9bb3ed7563cb374a", size = 731418, upload-time = "2026-06-30T06:51:26.364Z" },
]

[[package]]
name = "tomli"
version = "2.5.0"
source = { registry = "https://pypi.org/simple" }
sdist = { url = "https://files.pythonhosted.org/packages/b0/78/9ad63712633ed3ab5cc1a648d863d7e7da371e9425e209555a0fe711b695/tomli-2.5.0.tar.gz", hash = "sha256:264507556cd8b8c8e7c6ee037cdf443a463f03f4c958e57195e3d369711b8ff6", size = 17662, upload-time = "2026-10-07T12:23:37.892Z" }
wheels = [
    { url = "https://files.pythonhosted.org/packages/22/a6/ab99b60ee52acd949684febabc3005d0045d0f66bebd9cdebd67372d26dd/tomli-2.5.0-cp311-cp311-macosx_10_9_x86_64.whl", hash = "sha256:c4dc1c1781f2f716de763d1e9a7b34c6a894e167e291c7c5d16c72f7a9538545", size = 163901, upload-time = "2026-10-07T12:22:15.601Z" },
    { url = "https://files.pythonhosted.org/packages/bc/00/ee01b7ed4579180fff07142d290257f25ba786f23f3ec6005f620933c2f5/tomli-2.5.0-cp311-cp311-macosx_11_0_arm64.whl", hash = "sha256:eff8babca5a7999bc137acbc7482a8b7e17ffca5075ab41f5d770ab408c7bfef", size = 163756, upload-time = "2026-10-07T12:22:16.957Z" },
    { url = "https://files.pythonhosted.org/packages/72/c2/4efebf65372f6583185f79799312109dddb61102d47e5c33dcfd1a297aca/tomli-2.5.0-cp311-cp311-manylinux2014_aarch64.manylinux_2_17_aarch64.manylinux_2_28_aarch64.whl", hash = "sha256:86665cee9c4835b7a7f1e8ec2c719b5258d4dc782887aded5a8ae7352a96843b", size = 268038, upload-time = "2026-10-07T12:22:18.135Z" },
    { url = "https://files.pythonhosted.org/packages/53/07/5850468e925d898abb36038666f9c333a94d2a223e802a8ba5b6d319d23f/tomli-2.5.0-cp311-cp311-manylinux2014_x86_64.manylinux_2_17_x86_64.manylinux_2_28_x86_64.whl", hash = "sha256:d7e369fd63331746182360977b1892bfc215476a30d61612d732425311639f56", size = 276422, upload-time = "2026-10-07T12:22:19.567Z" },
    { url = "https://files.pythonhosted.org/packages/b4/87/f293984cdcf83c054196d4fd3dad44fc68ae55b4b8c44bc76cef360c3150/tomli-2.5.0-cp311-cp311-musllinux_1_2_aarch64.whl", hash = "sha256:7ad1ea345759240d6463efa0ed1c704402752e49aa21476620738d74d72d8aa1", size = 272616, upload-time = "2026-10-07T12:22:20.794Z" },
    { url = "https://files.pythonhosted.org/packages/ce/ce/db582886b3c1219d3fec93ebd669332482e5aee7a91e0f7838d84f2d1759/tomli-2.5.0-cp311-cp311-musllinux_1_2_x86_64.whl", hash = "sha256:96243987194634bd411066ce40c952e108f86af04db533ecd8ac3ff2a85b1885", size = 276593, upload-time = "2026-10-07T12:22:22.12Z" },
    { url = "https://files.pythonhosted.org/packages/bf/72/7619b87dea4261fc27dd7b54c4461c129c1f7d9bb7ba3aec89c797a431b8/tomli-2.5.0-cp311-cp311-win32.whl", hash = "sha256:610b27d99f28ec5f191c7064a48f3ddb179a1fe6ca73d571483ae859f57b605e", size = 101830, upload-time = "2026-10-07T12:22:23.651Z" },
    { url = "https://files.pythonhosted.org/packages/1e/74/220106da34502304b6751a2a9b8a9fbca6c3fd47e737a2e2e3da7c61c9db/tomli-2.5.0-cp311-cp311-win_amd64.whl", hash = "sha256:c804ae44fe7b4bab5da295e4f980a1ff04670bca9d23fe0a4e887e08ebd741a8", size = 112742, upload-time = "2026-10-07T12:22:24.972Z" },
    { url = "https://files.pythonhosted.org/packages/27/99/7d9c8b41837a7773613e169504147375c157a290167aa59ad74a085f521f/tomli-2.5.0-cp311-cp311-win_arm64.whl", hash = "sha256:cfac177ebd6236003846ea339981f71457cb6eb748f23381eb257e45092e3980", size = 109332, upload-time = "2026-10-07T12:22:26.117Z" },
    { url = "https://files.pythonhosted.org/packages/52/ed/7baa86f87493646a594de388c7c1c40a39dd0461f7e9c0359cbeefc91fe8/tomli-2.5.0-cp312-cp312-macosx_10_13_x86_64.whl", hash = "sha256:1f4a40d03fb9f63424f0979855bdeaf44dd7696b8d59501822c10ed30ba532df", size = 164854, upload-time = "2026-10-07T12:22:27.444Z" },
    { url = "https://files.pythonhosted.org/packages/a5/b1/44c0341f2224397855723c7a8a39f718ea6fcbcc3dacc66e5aeca0f334e3/tomli-2.5.0-cp312-cp312-macosx_11_0_arm64.whl", hash = "sha256:9ebf8d19b17bd0daeb7b7dec81a946a439b753942fd0210d6e96c532249eea6b", size = 164074, upload-time = "2026-10-07T12:22:28.679Z" },
    { url = "https://files.pythonhosted.org/packages/23/04/e2d5b7d3fba47adedb23de616c16d428ea076c79a3d8e1d95d649ffe197e/tomli-2.5.0-cp312-cp312-manylinux2014_aarch64.manylinux_2_17_aarch64.manylinux_2_28_aarch64.whl", hash = "sha256:bf0b5e8e0f68ebb494356e577c06c139161efd8d3b9050f93b39b7c26cc54ff0", size = 274274, upload-time = "2026-10-07T12:22:29.804Z" },
    { url = "https://files.pythonhosted.org/packages/43/90/6090e706ff27a6f89f4a40578e3324b95c3cd8c4150868aabf33a8f414c3/tomli-2.5.0-cp312-cp312-manylinux2014_x86_64.manylinux_2_17_x86_64.manylinux_2_28_x86_64.whl", hash = "sha256:6cf74416bdc94ae458b14e37286c1073081850ac8459a00d0c5efef5d44294c6", size = 286435, upload-time = "2026-10-07T12:22:31.297Z" },
    { url = "https://files.pythonhosted.org/packages/0a/9e/a2c40768df16c408f22430afb0a73e9d7e5f79c950884954649d1146b74d/tomli-2.5.0-cp312-cp312-musllinux_1_2_aarch64.whl", hash = "sha256:61ea1ebe1e55a34ea8199cc8dbff398d35027b82271c8ac4802fd3a1fd5b1bcc", size = 278119, upload-time = "2026-10-07T12:22:32.601Z" },
    { url = "https://files.pythonhosted.org/packages/12/25/3c0cb485b98e9cfac495629b1c93c87ccf0b72fbe9d2689fd8fe62c6d5a3/tomli-2.5.0-cp312-cp312-musllinux_1_2_x86_64.whl", hash = "sha256:ed53f7e89bb04f6d9e8e7799112360b0c4d5cbff067de0814c98c37c39b920f7", size = 286177, upload-time = "2026-10-07T12:22:33.745Z" },
    { url = "https://files.pythonhosted.org/packages/77/8b/0144c65f0e37e51c18d04ae15c21b19431c165002d0131fe9aa8b0b8b1e8/tomli-2.5.0-cp312-cp312-win32.whl", hash = "sha256:e7ad033e27a516a233bea839cdb77b80146facb3b4f40bf02cd0cac165cdd5c2", size = 102760, upload-time = "2026-10-07T12:22:34.887Z" },
    { url = "https://files.pythonhosted.org/packages/de/32/5d6d8f42fc9a05fce69354e00ff256484192f5f2fc9a2165718fa0de61ec/tomli-2.5.0-cp312-cp312-win_amd64.whl", hash = "sha256:bd05de8c1698f8413dd7d869492693a0bf2211543b787ac78cd5e7536af1a6d7", size = 112722, upload-time = "2026-10-07T12:22:36.162Z" },
    { url = "https://files.pythonhosted.org/packages/30/65/df18032218db0fb9b769fb23c8039a051f15c811993995ea04c350273a32/tomli-2.5.0-cp312-cp312-win_arm64.whl", hash = "sha256:069435bd5480429b98c5e5afb02ab21c219b6f0064680671c6dc0d46817346ea", size = 109534, upload-time = "2026-10-07T12:22:37.296Z" },
    { url = "https://files.pythonhosted.org/packages/42/e5/51736d70da209350969e15aca5c5ab6e2ce1ea87a0a892a6c13aec172a86/tomli-2.5.0-cp313-cp313-macosx_10_13_x86_64.whl", hash = "sha256:943276cf269e0071948d9ff697159c1735e623c1151d88abb09b74659ef0cbea", size = 163328, upload-time = "2026-10-07T12:22:38.373Z" },
    { url = "https://files.pythonhosted.org/packages/ec/55/086f80dab4ab497602644274e6dea7ec5dd0b4e262e443a8ad3bb7edee2d/tomli-2.5.0-cp313-cp313-macosx_11_0_arm64.whl", hash = "sha256:463b16086865b97facd8d0b3fb4cb7c544e3f58d2a69dc3113d6db9653fdb043", size = 162246, upload-time = "2026-10-07T12:22:39.673Z" },
    { url = "https://files.pythonhosted.org/packages/aa/eb/3ecc94459f3635c92321f4e7bde571323fdb2267c50e19e3188a281eae3b/tomli-2.5.0-cp313-cp313-manylinux2014_aarch64.manylinux_2_17_aarch64.manylinux_2_28_aarch64.whl", hash = "sha256:1245a6638fc4bb0a60af38a7d45413db34a13842027c77597c712c998c62fdf0", size = 272655, upload-time = "2026-10-07T12:22:41.08Z" },
    { url = "https://files.pythonhosted.org/packages/c0/d7/494fd1f0c37a621f1ad9975c2efadb523e8101f144ed6edb2e7fe64738f2/tomli-2.5.0-cp313-cp313-manylinux2014_x86_64.manylinux_2_17_x86_64.manylinux_2_28_x86_64.whl", hash = "sha256:5d8bac3d603c97e6854424e5b2b5b741bdbde387e09f162fb0446812b4a8362b", size = 283595, upload-time = "2026-10-07T12:22:42.222Z" },
    { url = "https://files.pythonhosted.org/packages/70/51/bb8d62b1317e6640866f6949b2d5855e5300f2c99d46de1cd245570bba65/tomli-2.5.0-cp313-cp313-musllinux_1_2_aarch64.whl", hash = "sha256:21e4cae4114aba25aa0d4f85cdf486d290fb35c0954d7bba536248da64d43066", size = 276253, upload-time = "2026-10-07T12:22:43.625Z" },
    { url = "https://files.pythonhosted.org/packages/66/f4/f46bd7f0763cd47de2db697dca9257c6a4adfd1a93b018cc75c8190ed5a8/tomli-2.5.0-cp313-cp313-musllinux_1_2_x86_64.whl", hash = "sha256:bbaefc84548d754be821bba7c4141c4787dda182f9e77f2f87b71213529efa7b", size = 283582, upload-time = "2026-10-07T12:22:44.983Z" },
    { url = "https://files.pythonhosted.org/packages/ac/03/70f2bcb2923a6db37818d917e124270a7f4cfd38ea576f5aa753a91c0ef5/tomli-2.5.0-cp313-cp313-win32.whl", hash = "sha256:abdbf6313b8d9efe157edeb7ab6eae4de064b1300ad31abf73755154b30abe68", size = 102628, upload-time = "2026-10-07T12:22:46.508Z" },
    { url = "https://files.pythonhosted.org/packages/dc/98/d52024bb5b0ff68b4f0d276d867f634c84a67319a7e9f6b7708a37742333/tomli-2.5.0-cp313-cp313-win_amd64.whl", hash = "sha256:fd4dc129784e0c5335bd4e61dfcc4487499a013419e655cf2da1d091b7e0efdc", size = 113301, upload-time = "2026-10-07T12:22:47.647Z" },
    { url = "https://files.pythonhosted.org/packages/6f/f2/540db3a70572a8c23a28aba3e9c358ce0ffffbafc990905c1343aa265b31/tomli-2.5.0-cp313-cp313-win_arm64.whl", hash = "sha256:69491c143d2fe063046e0301e62a810bed338fa4d1ce0fd870c27dc1e09b0d84", size = 109744, upload-time = "2026-10-07T12:22:48.925Z" },
    { url = "https://files.pythonhosted.org/packages/e4/49/caf6b307766eb9567664a8707e9d6be5fcc0e8903f18781c6677a60d80c7/tomli-2.5.0-cp314-cp314-macosx_10_15_x86_64.whl", hash = "sha256:d3182ee2d887e507bd67319a0a61105d1dd33facc111329559a233b772c1a105", size = 162899, upload-time = "2026-10-07T12:22:50.088Z" },
    { url = "https://files.pythonhosted.org/packages/d3/c8/68cfce773a2733a49c74f99d627fb461bd990756860099eac25617889585/tomli-2.5.0-cp314-cp314-macosx_11_0_arm64.whl", hash = "sha256:521345fd1f19d45b8df87657aaa38b6f2ca3800059fadf428e7ebf479a383646", size = 162080, upload-time = "2026-10-07T12:22:51.558Z" },
    { url = "https://files.pythonhosted.org/packages/7e/b2/e5bb8651fdad593f670501a7d718b1a7f73f064d44dea15e04c04dfef45d/tomli-2.5.0-cp314-cp314-manylinux2014_aarch64.manylinux_2_17_aarch64.manylinux_2_28_aarch64.whl", hash = "sha256:6e95c7614e705bfe2b04b27aa124adec59752d15813df37e2156747cab3a006b", size = 273380, upload-time = "2026-10-07T12:22:52.918Z" },
    { url = "https://files.pythonhosted.org/packages/8d/d2/9e2d7f8b1dfe0e2b34c245986ebd55c4c553ea4ce6c47c443b332673253f/tomli-2.5.0-cp314-cp314-manylinux2014_x86_64.manylinux_2_17_x86_64.manylinux_2_28_x86_64.whl", hash = "sha256:7ac2027d37c3afbdf4bdd377f2676f6f1d2122a5be1f1137b49dced590b37e75", size = 283228, upload-time = "2026-10-07T12:22:54.173Z" },
    { url = "https://files.pythonhosted.org/packages/ba/df/ec7b876b7b1a2718bd74a3743c076fff565b04029ba33e8f61fac262739f/tomli-2.5.0-cp314-cp314-musllinux_1_2_aarch64.whl", hash = "sha256:c414be4ed9d3cac80c42e348fa5a956117d1a48227f48026e31f59cb4a7671eb", size = 277189, upload-time = "2026-10-07T12:22:55.342Z" },
    { url = "https://files.pythonhosted.org/packages/7d/7b/e192d9eed0b9cb80da799f4d77052297fb9a2c3cc9b19f571f56ea88add6/tomli-2.5.0-cp314-cp314-musllinux_1_2_x86_64.whl", hash = "sha256:9b03d7dc168353b4132965bde20feceabaa470e570c6f59660dfae59b1f9eeb3", size = 283632, upload-time = "2026-10-07T12:22:56.735Z" },
    { url = "https://files.pythonhosted.org/packages/84/50/ff94454e75461d75623e47401ed323d65c10aab8fe9033242c20cd2fdf32/tomli-2.5.0-cp314-cp314-win32.whl", hash = "sha256:6f041843c4d3a37245c0c056fd955b186bf8b1fb85690cbe40b81230891dc34b", size = 103535, upload-time = "2026-10-07T12:22:58.084Z" },
    { url = "https://files.pythonhosted.org/packages/54/0b/bdacf05f963bd6026ebf6eeb0beda847d1d60e03e440725c64a4e08a0afd/tomli-2.5.0-cp314-cp314-win_amd64.whl", hash = "sha256:f4b653094e18f9031102d3a1da5c729c8f222d85225b18037dac621695e46e1a", size = 114621, upload-time = "2026-10-07T12:22:59.2Z" },
    { url = "https://files.pythonhosted.org/packages/61/99/53f438fa6ae4f9d4ed0ddde3e7242b3bdc34b48c8f9948b72b9e9b127676/tomli-2.5.0-cp314-cp314-win_arm64.whl", hash = "sha256:3f89d10c1ff6a38d992c27fc8a4816af71a909e08a40ec66934240b1e74347c3", size = 111572, upload-time = "2026-10-07T12:23:00.479Z" },
    { url = "https://files.pythonhosted.org/packages/b9/20/1f88f19427d380a40e90a770e087489eaafe4aeee070ae88ed2bbec00acd/tomli-2.5.0-cp314-cp314t-macosx_10_15_x86_64.whl", hash = "sha256:e9e15b4a6c7dd6b85b5fbab29488a73f1f70de516942308daa266bf0e0aeb0d4", size = 171814, upload-time = "2026-10-07T12:23:01.914Z" },
    { url = "https://files.pythonhosted.org/packages/d0/56/cbe5079c9f9a54b9b3e27fc82f08f3cb36edee75561679f53d2380c801d6/tomli-2.5.0-cp314-cp314t-macosx_11_0_arm64.whl", hash = "sha256:e12bbcd32897272fb05929110362ae9ff4c1b9bb26bd9e971e71dcd3275b4c3d", size = 171324, upload-time = "2026-10-07T12:23:03.18Z" },
    { url = "https://files.pythonhosted.org/packages/2b/30/1d53fd3b0f1cb3ba542e345ec32c26aefdddc4e829e4f3429af8a4f27782/tomli-2.5.0-cp314-cp314t-manylinux2014_aarch64.manylinux_2_17_aarch64.manylinux_2_28_aarch64.whl", hash = "sha256:20aa36de8f2cf87237143bc1fa1aae8d6612c09118f4da21c6a684db5dd1f6f9", size = 297441, upload-time = "2026-10-07T12:23:04.345Z" },
    { url = "https://files.pythonhosted.org/packages/66/d9/0800acb6a111686f764c1b91ef15cc42a20a66a46013bb42220f1d2c61c1/tomli-2.5.0-cp314-cp314t-manylinux2014_x86_64.manylinux_2_17_x86_64.manylinux_2_28_x86_64.whl", hash = "sha256:22185fad8a1e622f064e78008018a0dd3323550dcb479cb7a1d296888d74024f", size = 307476, upload-time = "2026-10-07T12:23:05.671Z" },
    { url = "https://files.pythonhosted.org/packages/e8/63/30a8f3cd51b5bec37f04744bad0b0dc6160df84aad4f27b0e9283d66f221/tomli-2.5.0-cp314-cp314t-musllinux_1_2_aarch64.whl", hash = "sha256:984012f71908165449a951de2050d52f276bfe3aa5d5f570f63ddad814370374", size = 296113, upload-time = "2026-10-07T12:23:07.202Z" },
    { url = "https://files.pythonhosted.org/packages/ab/18/0b9ffc597e69c5a1e20a7823cb60d54b39a9f54e91edcb8574f022186758/tomli-2.5.0-cp314-cp314t-musllinux_1_2_x86_64.whl", hash = "sha256:f79203b3965b4000e91808aaa7c040206093f2b8bf86f455982f2274c9ccf442", size = 307725, upload-time = "2026-10-07T12:23:08.508Z" },
    { url = "https://files.pythonhosted.org/packages/ab/c7/18f8baae0b5607a60e8e19b4a7fedee43a8ff6458e3896dcbbadeeac9c22/tomli-2.5.0-cp314-cp314t-win32.whl", hash = "sha256:91294a9fb94a75542f6e46e4a2ae709bd8d9b51134098cae5cf3bea5478b6d03", size = 108546, upload-time = "2026-10-07T12:23:09.956Z" },
    { url = "https://files.pythonhosted.org/packages/72/34/4cca9739254130627bde87500b3f2b512154fe2f278efa7e2a5e10ad4bcb/tomli-2.5.0-cp314-cp314t-win_amd64.whl", hash = "sha256:f15e3e0b835a6d68b10c86bf80a3149780498d6911c93c3ffd1861d19f9200f1", size = 117814, upload-time = "2026-10-07T12:23:11.486Z" },
    { url = "https://files.pythonhosted.org/packages/7d/fb/afa530d47dd80a78fce43beac6bc6e00f84558eafcffbc6f37b21e80d056/tomli-2.5.0-cp314-cp314t-win_arm64.whl", hash = "sha256:6664b7ae7af7294256c53960a6103077f4914cec8ff98479c352f622c6f6b2f0", size = 115188, upload-time = "2026-10-07T12:23:12.728Z" },
    { url = "https://files.pythonhosted.org/packages/66/98/316fdc00f8c0939e6fe50461dd343c162d3ad51d1286eb25b7db54361d50/tomli-2.5.0-cp315-cp315-macosx_10_15_x86_64.whl", hash = "sha256:a525685c2f97da40762b8695eb7aa0af4c8344ca1905c73e4e29cb04d34607dc", size = 162775, upload-time = "2026-10-07T12:23:13.941Z" },
    { url = "https://files.pythonhosted.org/packages/c5/22/7b10fa5bb01c9539f53f69b619361b19350acc73657772ea7ac70ba309a8/tomli-2.5.0-cp315-cp315-macosx_11_0_arm64.whl", hash = "sha256:9dbb18c1cfb2f6517942fc9314437f66aa06d94436ffb1f06102ef3572f35276", size = 161406, upload-time = "2026-10-07T12:23:15.215Z" },
    { url = "https://files.pythonhosted.org/packages/9c/e7/1a069d86dfd20f1f84f71c63faed9f83c1d890bc06c27d82dc7d888fb573/tomli-2.5.0-cp315-cp315-manylinux2014_aarch64.manylinux_2_17_aarch64.manylinux_2_28_aarch64.whl", hash = "sha256:752e8b1aa6a4367ef8bf6a1a1e005540f7ed055ba36d7193796812ca5404eb52", size = 273855, upload-time = "2026-10-07T12:23:16.471Z" },
    { url = "https://files.pythonhosted.org/packages/ae/83/d1ef43d1687d092ab9c235455c76e6e709483b346b056f086095c7c263a5/tomli-2.5.0-cp315-cp315-manylinux2014_x86_64.manylinux_2_17_x86_64.manylinux_2_28_x86_64.whl", hash = "sha256:c47300f9bf791808f77d82747691c4bb09cb14bdf3060cca99b42cdc4361d5a7", size = 284910, upload-time = "2026-10-07T12:23:18.166Z" },
    { url = "https://files.pythonhosted.org/packages/cc/05/f4d9cf7de61822ece0c3873f30d291e324911c71a378b8bfe5ced13fd9f5/tomli-2.5.0-cp315-cp315-musllinux_1_2_aarch64.whl", hash = "sha256:19b0dd8749f4ea2f112c5fcfb3c5248390c899d7e2e173f1d91abee1fa0ff391", size = 277723, upload-time = "2026-10-07T12:23:19.355Z" },
    { url = "https://files.pythonhosted.org/packages/42/28/78262493141fa543151cf005760c3cb01d09fc28a11f993c05109902cb8c/tomli-2.5.0-cp315-cp315-musllinux_1_2_x86_64.whl", hash = "sha256:57b1c3b01fab802e2899bc3d168dca320e14165e2fd9fd584760fb4ca5826859", size = 285115, upload-time = "2026-10-07T12:23:20.698Z" },
    { url = "https://files.pythonhosted.org/packages/1a/b9/e1dab9a30bcb677b5cc5cee810609cfd64f24306a3055767dd3fda00b1e0/tomli-2.5.0-cp315-cp315-win32.whl", hash = "sha256:667e521b37a6c5ccaa044202c235b530f90177ffe2cd4a64ecc213c7dd535feb", size = 103475, upload-time = "2026-10-07T12:23:21.941Z" },
    { url = "https://files.pythonhosted.org/packages/4c/bd/31a3790c11d6ea95fcf5e6022ac0f8d0543c9b61120b730fc481bd43d3b4/tomli-2.5.0-cp315-cp315-win_amd64.whl", hash = "sha256:d747252933c8a65ef6bd8da0fbb7ce28a90eb6119d8cd00772cd528aa07b68d5", size = 114589, upload-time = "2026-10-07T12:23:23.098Z" },
    { url = "https://files.pythonhosted.org/packages/47/a2/4f6310fa699364f0e3af7ee3af88dddd9af066d33e716a0265bbe2b3ea84/tomli-2.5.0-cp315-cp315-win_arm64.whl", hash = "sha256:75dbcde8751b0a960aa3de173aa5e894d590755c6d7758b7e774c06f1dc3cbdd", size = 111493, upload-time = "2026-10-07T12:23:24.233Z" },
    { url = "https://files.pythonhosted.org/packages/68/14/00853f0b396d8971107ae1921bb5b322fdee1650d2f16bf06c20adb532e5/tomli-2.5.0-cp315-cp315t-macosx_10_15_x86_64.whl", hash = "sha256:2419c2a189551987b59d80e63ec355671283336f41c6b9b89462df679c7d0c57", size = 171380, upload-time = "2026-10-07T12:23:25.512Z" },
    { url = "https://files.pythonhosted.org/packages/89/ad/fa6949321dadee46b27363974fb197b94c911c3b0f7a5fd26d7dc18fc2a0/tomli-2.5.0-cp315-cp315t-macosx_11_0_arm64.whl", hash = "sha256:0dc598040da8d42cf20f0be588ed7004f46db12a0ac6c32e03a59dccedaaadcd", size = 170553, upload-time = "2026-10-07T12:23:26.855Z" },
    { url = "https://files.pythonhosted.org/packages/53/aa/3056c919eb3e084df3752b2cf5f865dcc04af0b27dba2f66d7b28af4633a/tomli-2.5.0-cp315-cp315t-manylinux2014_aarch64.manylinux_2_17_aarch64.manylinux_2_28_aarch64.whl", hash = "sha256:49096930c8d886c9bbdab62d2d0d17ce823ddeea522309a190b36245d5b49e01", size = 294428, upload-time = "2026-10-07T12:23:28.132Z" },
    { url = "https://files.pythonhosted.org/packages/96/b2/faeeb5d8769ea3832021d73e892c8391eae7b4b4f8b55a789127bd8b18a9/tomli-2.5.0-cp315-cp315t-manylinux2014_x86_64.manylinux_2_17_x86_64.manylinux_2_28_x86_64.whl", hash = "sha256:b8ade5023067f99fe72b88accd30d0ea05a158e9e32a11f124e731ea9695313f", size = 304909, upload-time = "2026-10-07T12:23:29.381Z" },
    { url = "https://files.pythonhosted.org/packages/f6/52/f094c09e73fb654b621716d019acb5d29bdfd1be01df80c281d552bda48d/tomli-2.5.0-cp315-cp315t-musllinux_1_2_aarch64.whl", hash = "sha256:b69564772b5c8f22ea5f498dff08cfa825045b4d4c4400529000bdf818aa3b2a", size = 293220, upload-time = "2026-10-07T12:23:30.608Z" },
    { url = "https://files.pythonhosted.org/packages/86/f5/0c30541078ca4b505ce3bd76ed931facbfec524dd018535d691d1af0a6d2/tomli-2.5.0-cp315-cp315t-musllinux_1_2_x86_64.whl", hash = "sha256:8ff3a2ca028c7eee0c777f9a092038d0a594a9fa04e215f929a22c329e2cb142", size = 305705, upload-time = "2026-10-07T12:23:32.181Z" },
    { url = "https://files.pythonhosted.org/packages/05/74/590e7d19d6a118fc5cc5704ff358e21d95b8573f6b9443b1519f29ca8825/tomli-2.5.0-cp315-cp315t-win32.whl", hash = "sha256:62fc1bc8eb03e3a9cadfca713d65614ed8e09d974a283295ffe3a831976b4dc5", size = 108432, upload-time = "2026-10-07T12:23:33.496Z" },
    { url = "https://files.pythonhosted.org/packages/1c/b8/63a75cfb27a17c38550e44025d3a6e7be64516fd8608a3b75703bf37d81b/tomli-2.5.0-cp315-cp315t-win_amd64.whl", hash = "sha256:f3fcbc57b1791fa6cbe5d8434179d51de12be1a4811469529f47f6e7487a2571", size = 117281, upload-time = "2026-10-07T12:23:34.648Z" },
    { url = "https://files.pythonhosted.org/packages/72/01/e8c1debb2173973372934c68fc8e46170ab60ef23ed4592dff4dec6e8993/tomli-2.5.0-cp315-cp315t-win_arm64.whl", hash = "sha256:d2ba24db8a9376921b5e87b4762b9adb0f3f1deaea68f2b8b0bb2c11efb9c3e7", size = 115069, upload-time = "2026-10-07T12:23:35.77Z" },
    { url = "https://files.pythonhosted.org/packages/60/3f/3e3f8fd0919249b0200c80fbc4f9a1e70be19f9883da71dfb7f8b9ab8aca/tomli-2.5.0-py3-none-any.whl", hash = "sha256:32a7b79ac57a2e83670ce329ccf675798bc5a2094783a63676866b70503f2e2b", size = 14765, upload-time = "2026-10-07T12:23:36.875Z" },
]

[[package]]
name = "typing-extensions"
version = "4.16.0"
source = { registry = "https://pypi.org/simple" }
sdist = { url = "https://files.pythonhosted.org/packages/f6/cc/6253133b5bb138fc3306cebfbda2c520f545d36b5be2c7255cc528bb45d6/typing_extensions-4.16.0.tar.gz", hash = "sha256:dc983d19a509c94dba722ee6abd33940f7c05a89e243c47e907eb4db6f1a43e5", size = 113555, upload-time = "2026-07-02T08:40:05.92Z" }
wheels = [
    { url = "https://files.pythonhosted.org/packages/49/d3/b8441a820a491ddfc024b0b0cf0393375b75ea13866d9c66727e54c2fc80/typing_extensions-4.16.0-py3-none-any.whl", hash = "sha256:481caa481374e813c1b176ada14e97f1f67a4539ce9cfeb3f350d78d6370c2e8", size = 45571, upload-time = "2026-07-02T08:40:04.659Z" },
]
